// !$*UTF8*$!
{
	archiveVersion = 1;
	classes = {
	};
	objectVersion = 50;
	objects = {

/* Begin PBXBuildFile section */
		702CDBB526F7778E0046972D /* BoundingBoxView.swift in Sources */ = {isa = PBXBuildFile; fileRef = 702CDBB426F7778E0046972D /* BoundingBoxView.swift */; };
		702EAB8726E8B95900287B1B /* Obstacle.swift in Sources */ = {isa = PBXBuildFile; fileRef = 702EAB8626E8B95900287B1B /* Obstacle.swift */; };
		70C70CB627063E0400ADCCAE /* Extensions.swift in Sources */ = {isa = PBXBuildFile; fileRef = 70C70CB527063E0400ADCCAE /* Extensions.swift */; };
		70C70CB827063FEC00ADCCAE /* Constants.swift in Sources */ = {isa = PBXBuildFile; fileRef = 70C70CB727063FEC00ADCCAE /* Constants.swift */; };
		70D24B8C271080B1003F4329 /* Detector.mlmodel in Sources */ = {isa = PBXBuildFile; fileRef = 70D24B87271080B1003F4329 /* Detector.mlmodel */; };
		70D24B8D271080B1003F4329 /* MobileNetV2_SSDLite.mlmodel in Sources */ = {isa = PBXBuildFile; fileRef = 70D24B88271080B1003F4329 /* MobileNetV2_SSDLite.mlmodel */; };
		70D24B8E271080B1003F4329 /* yolo5s.mlmodel in Sources */ = {isa = PBXBuildFile; fileRef = 70D24B89271080B1003F4329 /* yolo5s.mlmodel */; };
		70D24B8F271080B1003F4329 /* YOLOv3Int8LUT.mlmodel in Sources */ = {isa = PBXBuildFile; fileRef = 70D24B8A271080B1003F4329 /* YOLOv3Int8LUT.mlmodel */; };
		70D24B90271080B1003F4329 /* ObjectDetector.mlmodel in Sources */ = {isa = PBXBuildFile; fileRef = 70D24B8B271080B1003F4329 /* ObjectDetector.mlmodel */; };
		70ED4C6326CFA083006173D9 /* AppDelegate.swift in Sources */ = {isa = PBXBuildFile; fileRef = 70ED4C6226CFA083006173D9 /* AppDelegate.swift */; };
		70ED4C6726CFA083006173D9 /* ViewController.swift in Sources */ = {isa = PBXBuildFile; fileRef = 70ED4C6626CFA083006173D9 /* ViewController.swift */; };
		70ED4C6A26CFA083006173D9 /* Main.storyboard in Resources */ = {isa = PBXBuildFile; fileRef = 70ED4C6826CFA083006173D9 /* Main.storyboard */; };
		70ED4C6C26CFA085006173D9 /* Assets.xcassets in Resources */ = {isa = PBXBuildFile; fileRef = 70ED4C6B26CFA085006173D9 /* Assets.xcassets */; };
		70ED4C6F26CFA085006173D9 /* LaunchScreen.storyboard in Resources */ = {isa = PBXBuildFile; fileRef = 70ED4C6D26CFA085006173D9 /* LaunchScreen.storyboard */; };
		70ED4C7A26CFA085006173D9 /* ODViewTests.swift in Sources */ = {isa = PBXBuildFile; fileRef = 70ED4C7926CFA085006173D9 /* ODViewTests.swift */; };
		70ED4C8526CFA085006173D9 /* ODViewUITests.swift in Sources */ = {isa = PBXBuildFile; fileRef = 70ED4C8426CFA085006173D9 /* ODViewUITests.swift */; };
/* End PBXBuildFile section */

/* Begin PBXContainerItemProxy section */
		70ED4C7626CFA085006173D9 /* PBXContainerItemProxy */ = {
			isa = PBXContainerItemProxy;
			containerPortal = 70ED4C5726CFA083006173D9 /* Project object */;
			proxyType = 1;
			remoteGlobalIDString = 70ED4C5E26CFA083006173D9;
			remoteInfo = ODView;
		};
		70ED4C8126CFA085006173D9 /* PBXContainerItemProxy */ = {
			isa = PBXContainerItemProxy;
			containerPortal = 70ED4C5726CFA083006173D9 /* Project object */;
			proxyType = 1;
			remoteGlobalIDString = 70ED4C5E26CFA083006173D9;
			remoteInfo = ODView;
		};
/* End PBXContainerItemProxy section */

/* Begin PBXFileReference section */
		702CDBB426F7778E0046972D /* BoundingBoxView.swift */ = {isa = PBXFileReference; fileEncoding = 4; lastKnownFileType = sourcecode.swift; path = BoundingBoxView.swift; sourceTree = "<group>"; };
		702EAB8626E8B95900287B1B /* Obstacle.swift */ = {isa = PBXFileReference; lastKnownFileType = sourcecode.swift; path = Obstacle.swift; sourceTree = "<group>"; };
		70C70CB527063E0400ADCCAE /* Extensions.swift */ = {isa = PBXFileReference; lastKnownFileType = sourcecode.swift; path = Extensions.swift; sourceTree = "<group>"; };
		70C70CB727063FEC00ADCCAE /* Constants.swift */ = {isa = PBXFileReference; lastKnownFileType = sourcecode.swift; path = Constants.swift; sourceTree = "<group>"; };
		70D24B87271080B1003F4329 /* Detector.mlmodel */ = {isa = PBXFileReference; lastKnownFileType = file.mlmodel; path = Detector.mlmodel; sourceTree = "<group>"; };
		70D24B88271080B1003F4329 /* MobileNetV2_SSDLite.mlmodel */ = {isa = PBXFileReference; lastKnownFileType = file.mlmodel; path = MobileNetV2_SSDLite.mlmodel; sourceTree = "<group>"; };
		70D24B89271080B1003F4329 /* yolo5s.mlmodel */ = {isa = PBXFileReference; lastKnownFileType = file.mlmodel; path = yolo5s.mlmodel; sourceTree = "<group>"; };
		70D24B8A271080B1003F4329 /* YOLOv3Int8LUT.mlmodel */ = {isa = PBXFileReference; lastKnownFileType = file.mlmodel; path = YOLOv3Int8LUT.mlmodel; sourceTree = "<group>"; };
		70D24B8B271080B1003F4329 /* ObjectDetector.mlmodel */ = {isa = PBXFileReference; lastKnownFileType = file.mlmodel; path = ObjectDetector.mlmodel; sourceTree = "<group>"; };
		70ED4C5F26CFA083006173D9 /* ODView.app */ = {isa = PBXFileReference; explicitFileType = wrapper.application; includeInIndex = 0; path = ODView.app; sourceTree = BUILT_PRODUCTS_DIR; };
		70ED4C6226CFA083006173D9 /* AppDelegate.swift */ = {isa = PBXFileReference; lastKnownFileType = sourcecode.swift; path = AppDelegate.swift; sourceTree = "<group>"; };
		70ED4C6626CFA083006173D9 /* ViewController.swift */ = {isa = PBXFileReference; lastKnownFileType = sourcecode.swift; path = ViewController.swift; sourceTree = "<group>"; };
		70ED4C6926CFA083006173D9 /* Base */ = {isa = PBXFileReference; lastKnownFileType = file.storyboard; name = Base; path = Base.lproj/Main.storyboard; sourceTree = "<group>"; };
		70ED4C6B26CFA085006173D9 /* Assets.xcassets */ = {isa = PBXFileReference; lastKnownFileType = folder.assetcatalog; path = Assets.xcassets; sourceTree = "<group>"; };
		70ED4C6E26CFA085006173D9 /* Base */ = {isa = PBXFileReference; lastKnownFileType = file.storyboard; name = Base; path = Base.lproj/LaunchScreen.storyboard; sourceTree = "<group>"; };
		70ED4C7026CFA085006173D9 /* Info.plist */ = {isa = PBXFileReference; lastKnownFileType = text.plist.xml; path = Info.plist; sourceTree = "<group>"; };
		70ED4C7526CFA085006173D9 /* ODViewTests.xctest */ = {isa = PBXFileReference; explicitFileType = wrapper.cfbundle; includeInIndex = 0; path = ODViewTests.xctest; sourceTree = BUILT_PRODUCTS_DIR; };
		70ED4C7926CFA085006173D9 /* ODViewTests.swift */ = {isa = PBXFileReference; lastKnownFileType = sourcecode.swift; path = ODViewTests.swift; sourceTree = "<group>"; };
		70ED4C7B26CFA085006173D9 /* Info.plist */ = {isa = PBXFileReference; lastKnownFileType = text.plist.xml; path = Info.plist; sourceTree = "<group>"; };
		70ED4C8026CFA085006173D9 /* ODViewUITests.xctest */ = {isa = PBXFileReference; explicitFileType = wrapper.cfbundle; includeInIndex = 0; path = ODViewUITests.xctest; sourceTree = BUILT_PRODUCTS_DIR; };
		70ED4C8426CFA085006173D9 /* ODViewUITests.swift */ = {isa = PBXFileReference; lastKnownFileType = sourcecode.swift; path = ODViewUITests.swift; sourceTree = "<group>"; };
		70ED4C8626CFA085006173D9 /* Info.plist */ = {isa = PBXFileReference; lastKnownFileType = text.plist.xml; path = Info.plist; sourceTree = "<group>"; };
/* End PBXFileReference section */

/* Begin PBXFrameworksBuildPhase section */
		70ED4C5C26CFA083006173D9 /* Frameworks */ = {
			isa = PBXFrameworksBuildPhase;
			buildActionMask = 2147483647;
			files = (
			);
			runOnlyForDeploymentPostprocessing = 0;
		};
		70ED4C7226CFA085006173D9 /* Frameworks */ = {
			isa = PBXFrameworksBuildPhase;
			buildActionMask = 2147483647;
			files = (
			);
			runOnlyForDeploymentPostprocessing = 0;
		};
		70ED4C7D26CFA085006173D9 /* Frameworks */ = {
			isa = PBXFrameworksBuildPhase;
			buildActionMask = 2147483647;
			files = (
			);
			runOnlyForDeploymentPostprocessing = 0;
		};
/* End PBXFrameworksBuildPhase section */

/* Begin PBXGroup section */
		70D24B862710808E003F4329 /* Models */ = {
			isa = PBXGroup;
			children = (
				70D24B87271080B1003F4329 /* Detector.mlmodel */,
				70D24B88271080B1003F4329 /* MobileNetV2_SSDLite.mlmodel */,
				70D24B8B271080B1003F4329 /* ObjectDetector.mlmodel */,
				70D24B89271080B1003F4329 /* yolo5s.mlmodel */,
				70D24B8A271080B1003F4329 /* YOLOv3Int8LUT.mlmodel */,
			);
			path = Models;
			sourceTree = "<group>";
		};
		70ED4C5626CFA083006173D9 = {
			isa = PBXGroup;
			children = (
				70ED4C6126CFA083006173D9 /* ODView */,
				70ED4C7826CFA085006173D9 /* ODViewTests */,
				70ED4C8326CFA085006173D9 /* ODViewUITests */,
				70ED4C6026CFA083006173D9 /* Products */,
			);
			sourceTree = "<group>";
		};
		70ED4C6026CFA083006173D9 /* Products */ = {
			isa = PBXGroup;
			children = (
				70ED4C5F26CFA083006173D9 /* ODView.app */,
				70ED4C7526CFA085006173D9 /* ODViewTests.xctest */,
				70ED4C8026CFA085006173D9 /* ODViewUITests.xctest */,
			);
			name = Products;
			sourceTree = "<group>";
		};
		70ED4C6126CFA083006173D9 /* ODView */ = {
			isa = PBXGroup;
			children = (
				70D24B862710808E003F4329 /* Models */,
				70ED4C6226CFA083006173D9 /* AppDelegate.swift */,
				702CDBB426F7778E0046972D /* BoundingBoxView.swift */,
				70ED4C6626CFA083006173D9 /* ViewController.swift */,
				70ED4C6826CFA083006173D9 /* Main.storyboard */,
				70ED4C6B26CFA085006173D9 /* Assets.xcassets */,
				70ED4C6D26CFA085006173D9 /* LaunchScreen.storyboard */,
				70ED4C7026CFA085006173D9 /* Info.plist */,
				702EAB8626E8B95900287B1B /* Obstacle.swift */,
				70C70CB527063E0400ADCCAE /* Extensions.swift */,
				70C70CB727063FEC00ADCCAE /* Constants.swift */,
			);
			path = ODView;
			sourceTree = "<group>";
		};
		70ED4C7826CFA085006173D9 /* ODViewTests */ = {
			isa = PBXGroup;
			children = (
				70ED4C7926CFA085006173D9 /* ODViewTests.swift */,
				70ED4C7B26CFA085006173D9 /* Info.plist */,
			);
			path = ODViewTests;
			sourceTree = "<group>";
		};
		70ED4C8326CFA085006173D9 /* ODViewUITests */ = {
			isa = PBXGroup;
			children = (
				70ED4C8426CFA085006173D9 /* ODViewUITests.swift */,
				70ED4C8626CFA085006173D9 /* Info.plist */,
			);
			path = ODViewUITests;
			sourceTree = "<group>";
		};
/* End PBXGroup section */

/* Begin PBXNativeTarget section */
		70ED4C5E26CFA083006173D9 /* ODView */ = {
			isa = PBXNativeTarget;
			buildConfigurationList = 70ED4C8926CFA085006173D9 /* Build configuration list for PBXNativeTarget "ODView" */;
			buildPhases = (
				70ED4C5B26CFA083006173D9 /* Sources */,
				70ED4C5C26CFA083006173D9 /* Frameworks */,
				70ED4C5D26CFA083006173D9 /* Resources */,
			);
			buildRules = (
			);
			dependencies = (
			);
			name = ODView;
			packageProductDependencies = (
			);
			productName = ODView;
			productReference = 70ED4C5F26CFA083006173D9 /* ODView.app */;
			productType = "com.apple.product-type.application";
		};
		70ED4C7426CFA085006173D9 /* ODViewTests */ = {
			isa = PBXNativeTarget;
			buildConfigurationList = 70ED4C8C26CFA085006173D9 /* Build configuration list for PBXNativeTarget "ODViewTests" */;
			buildPhases = (
				70ED4C7126CFA085006173D9 /* Sources */,
				70ED4C7226CFA085006173D9 /* Frameworks */,
				70ED4C7326CFA085006173D9 /* Resources */,
			);
			buildRules = (
			);
			dependencies = (
				70ED4C7726CFA085006173D9 /* PBXTargetDependency */,
			);
			name = ODViewTests;
			productName = ODViewTests;
			productReference = 70ED4C7526CFA085006173D9 /* ODViewTests.xctest */;
			productType = "com.apple.product-type.bundle.unit-test";
		};
		70ED4C7F26CFA085006173D9 /* ODViewUITests */ = {
			isa = PBXNativeTarget;
			buildConfigurationList = 70ED4C8F26CFA085006173D9 /* Build configuration list for PBXNativeTarget "ODViewUITests" */;
			buildPhases = (
				70ED4C7C26CFA085006173D9 /* Sources */,
				70ED4C7D26CFA085006173D9 /* Frameworks */,
				70ED4C7E26CFA085006173D9 /* Resources */,
			);
			buildRules = (
			);
			dependencies = (
				70ED4C8226CFA085006173D9 /* PBXTargetDependency */,
			);
			name = ODViewUITests;
			productName = ODViewUITests;
			productReference = 70ED4C8026CFA085006173D9 /* ODViewUITests.xctest */;
			productType = "com.apple.product-type.bundle.ui-testing";
		};
/* End PBXNativeTarget section */

/* Begin PBXProject section */
		70ED4C5726CFA083006173D9 /* Project object */ = {
			isa = PBXProject;
			attributes = {
				LastSwiftUpdateCheck = 1250;
				LastUpgradeCheck = 1250;
				TargetAttributes = {
					70ED4C5E26CFA083006173D9 = {
						CreatedOnToolsVersion = 12.5.1;
					};
					70ED4C7426CFA085006173D9 = {
						CreatedOnToolsVersion = 12.5.1;
						TestTargetID = 70ED4C5E26CFA083006173D9;
					};
					70ED4C7F26CFA085006173D9 = {
						CreatedOnToolsVersion = 12.5.1;
						TestTargetID = 70ED4C5E26CFA083006173D9;
					};
				};
			};
			buildConfigurationList = 70ED4C5A26CFA083006173D9 /* Build configuration list for PBXProject "ODView" */;
			compatibilityVersion = "Xcode 9.3";
			developmentRegion = en;
			hasScannedForEncodings = 0;
			knownRegions = (
				en,
				Base,
			);
			mainGroup = 70ED4C5626CFA083006173D9;
			packageReferences = (
			);
			productRefGroup = 70ED4C6026CFA083006173D9 /* Products */;
			projectDirPath = "";
			projectRoot = "";
			targets = (
				70ED4C5E26CFA083006173D9 /* ODView */,
				70ED4C7426CFA085006173D9 /* ODViewTests */,
				70ED4C7F26CFA085006173D9 /* ODViewUITests */,
			);
		};
/* End PBXProject section */

/* Begin PBXResourcesBuildPhase section */
		70ED4C5D26CFA083006173D9 /* Resources */ = {
			isa = PBXResourcesBuildPhase;
			buildActionMask = 2147483647;
			files = (
				70ED4C6F26CFA085006173D9 /* LaunchScreen.storyboard in Resources */,
				70ED4C6C26CFA085006173D9 /* Assets.xcassets in Resources */,
				70ED4C6A26CFA083006173D9 /* Main.storyboard in Resources */,
			);
			runOnlyForDeploymentPostprocessing = 0;
		};
		70ED4C7326CFA085006173D9 /* Resources */ = {
			isa = PBXResourcesBuildPhase;
			buildActionMask = 2147483647;
			files = (
			);
			runOnlyForDeploymentPostprocessing = 0;
		};
		70ED4C7E26CFA085006173D9 /* Resources */ = {
			isa = PBXResourcesBuildPhase;
			buildActionMask = 2147483647;
			files = (
			);
			runOnlyForDeploymentPostprocessing = 0;
		};
/* End PBXResourcesBuildPhase section */

/* Begin PBXSourcesBuildPhase section */
		70ED4C5B26CFA083006173D9 /* Sources */ = {
			isa = PBXSourcesBuildPhase;
			buildActionMask = 2147483647;
			files = (
				702EAB8726E8B95900287B1B /* Obstacle.swift in Sources */,
				70D24B8F271080B1003F4329 /* YOLOv3Int8LUT.mlmodel in Sources */,
				70D24B8D271080B1003F4329 /* MobileNetV2_SSDLite.mlmodel in Sources */,
				70D24B8C271080B1003F4329 /* Detector.mlmodel in Sources */,
				70ED4C6726CFA083006173D9 /* ViewController.swift in Sources */,
				70ED4C6326CFA083006173D9 /* AppDelegate.swift in Sources */,
				70C70CB627063E0400ADCCAE /* Extensions.swift in Sources */,
				702CDBB526F7778E0046972D /* BoundingBoxView.swift in Sources */,
				70D24B8E271080B1003F4329 /* yolo5s.mlmodel in Sources */,
				70C70CB827063FEC00ADCCAE /* Constants.swift in Sources */,
				70D24B90271080B1003F4329 /* ObjectDetector.mlmodel in Sources */,
			);
			runOnlyForDeploymentPostprocessing = 0;
		};
		70ED4C7126CFA085006173D9 /* Sources */ = {
			isa = PBXSourcesBuildPhase;
			buildActionMask = 2147483647;
			files = (
				70ED4C7A26CFA085006173D9 /* ODViewTests.swift in Sources */,
			);
			runOnlyForDeploymentPostprocessing = 0;
		};
		70ED4C7C26CFA085006173D9 /* Sources */ = {
			isa = PBXSourcesBuildPhase;
			buildActionMask = 2147483647;
			files = (
				70ED4C8526CFA085006173D9 /* ODViewUITests.swift in Sources */,
			);
			runOnlyForDeploymentPostprocessing = 0;
		};
/* End PBXSourcesBuildPhase section */

/* Begin PBXTargetDependency section */
		70ED4C7726CFA085006173D9 /* PBXTargetDependency */ = {
			isa = PBXTargetDependency;
			target = 70ED4C5E26CFA083006173D9 /* ODView */;
			targetProxy = 70ED4C7626CFA085006173D9 /* PBXContainerItemProxy */;
		};
		70ED4C8226CFA085006173D9 /* PBXTargetDependency */ = {
			isa = PBXTargetDependency;
			target = 70ED4C5E26CFA083006173D9 /* ODView */;
			targetProxy = 70ED4C8126CFA085006173D9 /* PBXContainerItemProxy */;
		};
/* End PBXTargetDependency section */

/* Begin PBXVariantGroup section */
		70ED4C6826CFA083006173D9 /* Main.storyboard */ = {
			isa = PBXVariantGroup;
			children = (
				70ED4C6926CFA083006173D9 /* Base */,
			);
			name = Main.storyboard;
			sourceTree = "<group>";
		};
		70ED4C6D26CFA085006173D9 /* LaunchScreen.storyboard */ = {
			isa = PBXVariantGroup;
			children = (
				70ED4C6E26CFA085006173D9 /* Base */,
			);
			name = LaunchScreen.storyboard;
			sourceTree = "<group>";
		};
/* End PBXVariantGroup section */

/* Begin XCBuildConfiguration section */
		70ED4C8726CFA085006173D9 /* Debug */ = {
			isa = XCBuildConfiguration;
			buildSettings = {
				ALWAYS_SEARCH_USER_PATHS = NO;
				CLANG_ANALYZER_NONNULL = YES;
				CLANG_ANALYZER_NUMBER_OBJECT_CONVERSION = YES_AGGRESSIVE;
				CLANG_CXX_LANGUAGE_STANDARD = "gnu++14";
				CLANG_CXX_LIBRARY = "libc++";
				CLANG_ENABLE_MODULES = YES;
				CLANG_ENABLE_OBJC_ARC = YES;
				CLANG_ENABLE_OBJC_WEAK = YES;
				CLANG_WARN_BLOCK_CAPTURE_AUTORELEASING = YES;
				CLANG_WARN_BOOL_CONVERSION = YES;
				CLANG_WARN_COMMA = YES;
				CLANG_WARN_CONSTANT_CONVERSION = YES;
				CLANG_WARN_DEPRECATED_OBJC_IMPLEMENTATIONS = YES;
				CLANG_WARN_DIRECT_OBJC_ISA_USAGE = YES_ERROR;
				CLANG_WARN_DOCUMENTATION_COMMENTS = YES;
				CLANG_WARN_EMPTY_BODY = YES;
				CLANG_WARN_ENUM_CONVERSION = YES;
				CLANG_WARN_INFINITE_RECURSION = YES;
				CLANG_WARN_INT_CONVERSION = YES;
				CLANG_WARN_NON_LITERAL_NULL_CONVERSION = YES;
				CLANG_WARN_OBJC_IMPLICIT_RETAIN_SELF = YES;
				CLANG_WARN_OBJC_LITERAL_CONVERSION = YES;
				CLANG_WARN_OBJC_ROOT_CLASS = YES_ERROR;
				CLANG_WARN_QUOTED_INCLUDE_IN_FRAMEWORK_HEADER = YES;
				CLANG_WARN_RANGE_LOOP_ANALYSIS = YES;
				CLANG_WARN_STRICT_PROTOTYPES = YES;
				CLANG_WARN_SUSPICIOUS_MOVE = YES;
				CLANG_WARN_UNGUARDED_AVAILABILITY = YES_AGGRESSIVE;
				CLANG_WARN_UNREACHABLE_CODE = YES;
				CLANG_WARN__DUPLICATE_METHOD_MATCH = YES;
				CODE_SIGN_IDENTITY = "iPhone Developer";
				COPY_PHASE_STRIP = NO;
				DEBUG_INFORMATION_FORMAT = dwarf;
				DEVELOPMENT_TEAM = 7BS8A3M6NB;
				ENABLE_STRICT_OBJC_MSGSEND = YES;
				ENABLE_TESTABILITY = YES;
				GCC_C_LANGUAGE_STANDARD = gnu11;
				GCC_DYNAMIC_NO_PIC = NO;
				GCC_NO_COMMON_BLOCKS = YES;
				GCC_OPTIMIZATION_LEVEL = 0;
				GCC_PREPROCESSOR_DEFINITIONS = (
					"DEBUG=1",
					"$(inherited)",
				);
				GCC_WARN_64_TO_32_BIT_CONVERSION = YES;
				GCC_WARN_ABOUT_RETURN_TYPE = YES_ERROR;
				GCC_WARN_UNDECLARED_SELECTOR = YES;
				GCC_WARN_UNINITIALIZED_AUTOS = YES_AGGRESSIVE;
				GCC_WARN_UNUSED_FUNCTION = YES;
				GCC_WARN_UNUSED_VARIABLE = YES;
				IPHONEOS_DEPLOYMENT_TARGET = 13.0;
				MTL_ENABLE_DEBUG_INFO = INCLUDE_SOURCE;
				MTL_FAST_MATH = YES;
				ONLY_ACTIVE_ARCH = YES;
				SDKROOT = iphoneos;
				SWIFT_ACTIVE_COMPILATION_CONDITIONS = DEBUG;
				SWIFT_OPTIMIZATION_LEVEL = "-Onone";
			};
			name = Debug;
		};
		70ED4C8826CFA085006173D9 /* Release */ = {
			isa = XCBuildConfiguration;
			buildSettings = {
				ALWAYS_SEARCH_USER_PATHS = NO;
				CLANG_ANALYZER_NONNULL = YES;
				CLANG_ANALYZER_NUMBER_OBJECT_CONVERSION = YES_AGGRESSIVE;
				CLANG_CXX_LANGUAGE_STANDARD = "gnu++14";
				CLANG_CXX_LIBRARY = "libc++";
				CLANG_ENABLE_MODULES = YES;
				CLANG_ENABLE_OBJC_ARC = YES;
				CLANG_ENABLE_OBJC_WEAK = YES;
				CLANG_WARN_BLOCK_CAPTURE_AUTORELEASING = YES;
				CLANG_WARN_BOOL_CONVERSION = YES;
				CLANG_WARN_COMMA = YES;
				CLANG_WARN_CONSTANT_CONVERSION = YES;
				CLANG_WARN_DEPRECATED_OBJC_IMPLEMENTATIONS = YES;
				CLANG_WARN_DIRECT_OBJC_ISA_USAGE = YES_ERROR;
				CLANG_WARN_DOCUMENTATION_COMMENTS = YES;
				CLANG_WARN_EMPTY_BODY = YES;
				CLANG_WARN_ENUM_CONVERSION = YES;
				CLANG_WARN_INFINITE_RECURSION = YES;
				CLANG_WARN_INT_CONVERSION = YES;
				CLANG_WARN_NON_LITERAL_NULL_CONVERSION = YES;
				CLANG_WARN_OBJC_IMPLICIT_RETAIN_SELF = YES;
				CLANG_WARN_OBJC_LITERAL_CONVERSION = YES;
				CLANG_WARN_OBJC_ROOT_CLASS = YES_ERROR;
				CLANG_WARN_QUOTED_INCLUDE_IN_FRAMEWORK_HEADER = YES;
				CLANG_WARN_RANGE_LOOP_ANALYSIS = YES;
				CLANG_WARN_STRICT_PROTOTYPES = YES;
				CLANG_WARN_SUSPICIOUS_MOVE = YES;
				CLANG_WARN_UNGUARDED_AVAILABILITY = YES_AGGRESSIVE;
				CLANG_WARN_UNREACHABLE_CODE = YES;
				CLANG_WARN__DUPLICATE_METHOD_MATCH = YES;
				CODE_SIGN_IDENTITY = "iPhone Developer";
				COPY_PHASE_STRIP = NO;
				DEBUG_INFORMATION_FORMAT = "dwarf-with-dsym";
				DEVELOPMENT_TEAM = 7BS8A3M6NB;
				ENABLE_NS_ASSERTIONS = NO;
				ENABLE_STRICT_OBJC_MSGSEND = YES;
				GCC_C_LANGUAGE_STANDARD = gnu11;
				GCC_NO_COMMON_BLOCKS = YES;
				GCC_WARN_64_TO_32_BIT_CONVERSION = YES;
				GCC_WARN_ABOUT_RETURN_TYPE = YES_ERROR;
				GCC_WARN_UNDECLARED_SELECTOR = YES;
				GCC_WARN_UNINITIALIZED_AUTOS = YES_AGGRESSIVE;
				GCC_WARN_UNUSED_FUNCTION = YES;
				GCC_WARN_UNUSED_VARIABLE = YES;
				IPHONEOS_DEPLOYMENT_TARGET = 13.0;
				MTL_ENABLE_DEBUG_INFO = NO;
				MTL_FAST_MATH = YES;
				SDKROOT = iphoneos;
				SWIFT_COMPILATION_MODE = wholemodule;
				SWIFT_OPTIMIZATION_LEVEL = "-O";
				VALIDATE_PRODUCT = YES;
			};
			name = Release;
		};
		70ED4C8A26CFA085006173D9 /* Debug */ = {
			isa = XCBuildConfiguration;
			buildSettings = {
				ASSETCATALOG_COMPILER_APPICON_NAME = AppIcon;
				ASSETCATALOG_COMPILER_GLOBAL_ACCENT_COLOR_NAME = AccentColor;
				CODE_SIGN_STYLE = Automatic;
				DEVELOPMENT_TEAM = 7BS8A3M6NB;
				INFOPLIST_FILE = ODView/Info.plist;
				LD_RUNPATH_SEARCH_PATHS = (
					"$(inherited)",
					"@executable_path/Frameworks",
				);
				PRODUCT_BUNDLE_IDENTIFIER = com.kegbird.ODView;
				PRODUCT_NAME = "$(TARGET_NAME)";
				SWIFT_VERSION = 5.0;
				TARGETED_DEVICE_FAMILY = "1,2";
			};
			name = Debug;
		};
		70ED4C8B26CFA085006173D9 /* Release */ = {
			isa = XCBuildConfiguration;
			buildSettings = {
				ASSETCATALOG_COMPILER_APPICON_NAME = AppIcon;
				ASSETCATALOG_COMPILER_GLOBAL_ACCENT_COLOR_NAME = AccentColor;
				CODE_SIGN_STYLE = Automatic;
				DEVELOPMENT_TEAM = 7BS8A3M6NB;
				INFOPLIST_FILE = ODView/Info.plist;
				LD_RUNPATH_SEARCH_PATHS = (
					"$(inherited)",
					"@executable_path/Frameworks",
				);
				PRODUCT_BUNDLE_IDENTIFIER = com.kegbird.ODView;
				PRODUCT_NAME = "$(TARGET_NAME)";
				SWIFT_VERSION = 5.0;
				TARGETED_DEVICE_FAMILY = "1,2";
			};
			name = Release;
		};
		70ED4C8D26CFA085006173D9 /* Debug */ = {
			isa = XCBuildConfiguration;
			buildSettings = {
				ALWAYS_EMBED_SWIFT_STANDARD_LIBRARIES = YES;
				BUNDLE_LOADER = "$(TEST_HOST)";
				CODE_SIGN_STYLE = Automatic;
				DEVELOPMENT_TEAM = 7BS8A3M6NB;
				INFOPLIST_FILE = ODViewTests/Info.plist;
				IPHONEOS_DEPLOYMENT_TARGET = 14.5;
				LD_RUNPATH_SEARCH_PATHS = (
					"$(inherited)",
					"@executable_path/Frameworks",
					"@loader_path/Frameworks",
				);
				PRODUCT_BUNDLE_IDENTIFIER = com.kegbird.ODViewTests;
				PRODUCT_NAME = "$(TARGET_NAME)";
				SWIFT_VERSION = 5.0;
				TARGETED_DEVICE_FAMILY = "1,2";
				TEST_HOST = "$(BUILT_PRODUCTS_DIR)/ODView.app/ODView";
			};
			name = Debug;
		};
		70ED4C8E26CFA085006173D9 /* Release */ = {
			isa = XCBuildConfiguration;
			buildSettings = {
				ALWAYS_EMBED_SWIFT_STANDARD_LIBRARIES = YES;
				BUNDLE_LOADER = "$(TEST_HOST)";
				CODE_SIGN_STYLE = Automatic;
				DEVELOPMENT_TEAM = 7BS8A3M6NB;
				INFOPLIST_FILE = ODViewTests/Info.plist;
				IPHONEOS_DEPLOYMENT_TARGET = 14.5;
				LD_RUNPATH_SEARCH_PATHS = (
					"$(inherited)",
					"@executable_path/Frameworks",
					"@loader_path/Frameworks",
				);
				PRODUCT_BUNDLE_IDENTIFIER = com.kegbird.ODViewTests;
				PRODUCT_NAME = "$(TARGET_NAME)";
				SWIFT_VERSION = 5.0;
				TARGETED_DEVICE_FAMILY = "1,2";
				TEST_HOST = "$(BUILT_PRODUCTS_DIR)/ODView.app/ODView";
			};
			name = Release;
		};
		70ED4C9026CFA085006173D9 /* Debug */ = {
			isa = XCBuildConfiguration;
			buildSettings = {
				ALWAYS_EMBED_SWIFT_STANDARD_LIBRARIES = YES;
				CODE_SIGN_STYLE = Automatic;
				DEVELOPMENT_TEAM = 7BS8A3M6NB;
				INFOPLIST_FILE = ODViewUITests/Info.plist;
				LD_RUNPATH_SEARCH_PATHS = (
					"$(inherited)",
					"@executable_path/Frameworks",
					"@loader_path/Frameworks",
				);
				PRODUCT_BUNDLE_IDENTIFIER = com.kegbird.ODViewUITests;
				PRODUCT_NAME = "$(TARGET_NAME)";
				SWIFT_VERSION = 5.0;
				TARGETED_DEVICE_FAMILY = "1,2";
				TEST_TARGET_NAME = ODView;
			};
			name = Debug;
		};
		70ED4C9126CFA085006173D9 /* Release */ = {
			isa = XCBuildConfiguration;
			buildSettings = {
				ALWAYS_EMBED_SWIFT_STANDARD_LIBRARIES = YES;
				CODE_SIGN_STYLE = Automatic;
				DEVELOPMENT_TEAM = 7BS8A3M6NB;
				INFOPLIST_FILE = ODViewUITests/Info.plist;
				LD_RUNPATH_SEARCH_PATHS = (
					"$(inherited)",
					"@executable_path/Frameworks",
					"@loader_path/Frameworks",
				);
				PRODUCT_BUNDLE_IDENTIFIER = com.kegbird.ODViewUITests;
				PRODUCT_NAME = "$(TARGET_NAME)";
				SWIFT_VERSION = 5.0;
				TARGETED_DEVICE_FAMILY = "1,2";
				TEST_TARGET_NAME = ODView;
			};
			name = Release;
		};
/* End XCBuildConfiguration section */

/* Begin XCConfigurationList section */
		70ED4C5A26CFA083006173D9 /* Build configuration list for PBXProject "ODView" */ = {
			isa = XCConfigurationList;
			buildConfigurations = (
				70ED4C8726CFA085006173D9 /* Debug */,
				70ED4C8826CFA085006173D9 /* Release */,
			);
			defaultConfigurationIsVisible = 0;
			defaultConfigurationName = Release;
		};
		70ED4C8926CFA085006173D9 /* Build configuration list for PBXNativeTarget "ODView" */ = {
			isa = XCConfigurationList;
			buildConfigurations = (
				70ED4C8A26CFA085006173D9 /* Debug */,
				70ED4C8B26CFA085006173D9 /* Release */,
			);
			defaultConfigurationIsVisible = 0;
			defaultConfigurationName = Release;
		};
		70ED4C8C26CFA085006173D9 /* Build configuration list for PBXNativeTarget "ODViewTests" */ = {
			isa = XCConfigurationList;
			buildConfigurations = (
				70ED4C8D26CFA085006173D9 /* Debug */,
				70ED4C8E26CFA085006173D9 /* Release */,
			);
			defaultConfigurationIsVisible = 0;
			defaultConfigurationName = Release;
		};
		70ED4C8F26CFA085006173D9 /* Build configuration list for PBXNativeTarget "ODViewUITests" */ = {
			isa = XCConfigurationList;
			buildConfigurations = (
				70ED4C9026CFA085006173D9 /* Debug */,
				70ED4C9126CFA085006173D9 /* Release */,
			);
			defaultConfigurationIsVisible = 0;
			defaultConfigurationName = Release;
		};
/* End XCConfigurationList section */
	};
	rootObject = 70ED4C5726CFA083006173D9 /* Project object */;
}
